
Microsoft Visual Studio Solution File, Format Version 12.00
# Visual Studio Version 17
VisualStudioVersion = 17.8.34330.188
MinimumVisualStudioVersion = 10.0.40219.1
Project("{FAE04EC0-301F-11D3-BF4B-00C04F79EFBC}") = "BookNest.API", "BookNest.API\BookNest.API.csproj", "{A578F083-3282-478D-B504-EB1815F6AE43}"
EndProject
Project("{FAE04EC0-301F-11D3-BF4B-00C04F79EFBC}") = "BookNest.Model", "BookNest.Model\BookNest.Model.csproj", "{65669110-6147-42AA-8AFF-6D2546968C2A}"
EndProject
Project("{FAE04EC0-301F-11D3-BF4B-00C04F79EFBC}") = "BookNest.Services", "BookNest.Services\BookNest.Services.csproj", "{43574493-5FCD-46C5-8EF5-0B7D7E816987}"
EndProject
Global
	GlobalSection(SolutionConfigurationPlatforms) = preSolution
		Debug|Any CPU = Debug|Any CPU
		Release|Any CPU = Release|Any CPU
	EndGlobalSection
	GlobalSection(ProjectConfigurationPlatforms) = postSolution
		{A578F083-3282-478D-B504-EB1815F6AE43}.Debug|Any CPU.ActiveCfg = Debug|Any CPU
		{A578F083-3282-478D-B504-EB1815F6AE43}.Debug|Any CPU.Build.0 = Debug|Any CPU
		{A578F083-3282-478D-B504-EB1815F6AE43}.Release|Any CPU.ActiveCfg = Release|Any CPU
		{A578F083-3282-478D-B504-EB1815F6AE43}.Release|Any CPU.Build.0 = Release|Any CPU
		{65669110-6147-42AA-8AFF-6D2546968C2A}.Debug|Any CPU.ActiveCfg = Debug|Any CPU
		{65669110-6147-42AA-8AFF-6D2546968C2A}.Debug|Any CPU.Build.0 = Debug|Any CPU
		{65669110-6147-42AA-8AFF-6D2546968C2A}.Release|Any CPU.ActiveCfg = Release|Any CPU
		{65669110-6147-42AA-8AFF-6D2546968C2A}.Release|Any CPU.Build.0 = Release|Any CPU
		{43574493-5FCD-46C5-8EF5-0B7D7E816987}.Debug|Any CPU.ActiveCfg = Debug|Any CPU
		{43574493-5FCD-46C5-8EF5-0B7D7E816987}.Debug|Any CPU.Build.0 = Debug|Any CPU
		{43574493-5FCD-46C5-8EF5-0B7D7E816987}.Release|Any CPU.ActiveCfg = Release|Any CPU
		{43574493-5FCD-46C5-8EF5-0B7D7E816987}.Release|Any CPU.Build.0 = Release|Any CPU
	EndGlobalSection
	GlobalSection(SolutionProperties) = preSolution
		HideSolutionNode = FALSE
	EndGlobalSection
	GlobalSection(ExtensibilityGlobals) = postSolution
		SolutionGuid = {27E2CAA4-FE13-4242-90D3-0C440C4D6305}
	EndGlobalSection
EndGlobal
